
Microsoft Visual Studio Solution File, Format Version 12.00
# Visual Studio Version 17
VisualStudioVersion = 17.2.32526.322
MinimumVisualStudioVersion = 10.0.40219.1
Project("{FAE04EC0-301F-11D3-BF4B-00C04F79EFBC}") = "ListaDeJogos", "ListaDeJogos\ListaDeJogos.csproj", "{D6F771EB-56D9-4C3A-8BE4-8094D5360008}"
EndProject
Global
	GlobalSection(SolutionConfigurationPlatforms) = preSolution
		Debug|Any CPU = Debug|Any CPU
		Release|Any CPU = Release|Any CPU
	EndGlobalSection
	GlobalSection(ProjectConfigurationPlatforms) = postSolution
		{D6F771EB-56D9-4C3A-8BE4-8094D5360008}.Debug|Any CPU.ActiveCfg = Debug|Any CPU
		{D6F771EB-56D9-4C3A-8BE4-8094D5360008}.Debug|Any CPU.Build.0 = Debug|Any CPU
		{D6F771EB-56D9-4C3A-8BE4-8094D5360008}.Release|Any CPU.ActiveCfg = Release|Any CPU
		{D6F771EB-56D9-4C3A-8BE4-8094D5360008}.Release|Any CPU.Build.0 = Release|Any CPU
	EndGlobalSection
	GlobalSection(SolutionProperties) = preSolution
		HideSolutionNode = FALSE
	EndGlobalSection
	GlobalSection(ExtensibilityGlobals) = postSolution
		SolutionGuid = {B1CA1B67-0B76-4064-8C9E-12D00CF59191}
	EndGlobalSection
EndGlobal
